{
  "version": 4,
  "terraform_version": "1.1.6",
  "serial": 13,
  "lineage": "de24265e-8df4-8dcc-d7f9-c64b19f5a07c",
  "outputs": {
    "public_ip_address": {
      "value": "13.90.156.28",
      "type": "string"
    },
    "resource_group_name": {
      "value": "rg-unbiased-swine",
      "type": "string"
    },
    "tls_private_key": {
      "value": "-----BEGIN RSA PRIVATE KEY-----\nMIIJKAIBAAKCAgEA3dYwlKzk7EbpVpFjjOVn4yFYObPHnsFz9RE3UPSP9tWVLRd7\n08h4+tnQ2p2DyB8ZKZjtnsww3invOzyb1E4rumlpJVP2nFPTSUOK508Z1K+ncGd/\nMCNQDDfomScMzNPEAKp1tfTORGiPJsvdhXvch0oQv+K4nG6hqfZenRGOoKl7sbHE\nG8BEEfUukJtRnE5tygtFfwUrVCklFWIqMf14JUo/Sx4ZwNe5/e+W0QpVnz2NTRfy\n7vrfKi3IFTbc+/c5dddTqIWmuIz8MuBwMF4Z6fwIF3O9tG9HW1CJYr9YmKYNQN1/\nKVpx/Wmb1zVOiH/9fpdCf+NkW4HLz6hfRQlTtdVIemWdXaL2/uF//MwOkt5W5RI7\n3POWEPSYmrxPGhnMPKEYVClT1RtZNkoYEkWrez4XC9+YPikUNv6mLKvG2PiUrFdq\nFyJ4upnc0h3i1Oah7mU4dy106tYlhCuJ5BefJK2zT2w4oz2B/TM7h2LA6De03sM/\nCkkDcchZ9AoBXPtj0MqARfG44iV69IzQX0YHlFMYvK9BTUX2z4Ap3fKmsV9jG4PD\nLGVV9EYw5T2rL/xQDowMBjbnKvc7qHaqI4op09xh/acYp1fCWn4DQ5V8TsUIN+Xz\nVFvGIcakjZrUKT3KSZyRnxB/j/ytR0xyDTWW9nehvsp0S8WUhERw5OAciC0CAwEA\nAQKCAgAEeY+dUCeGBKAsWN5zNyVzVXbcIx5Bu5FFPkWpYmWNCx3pPPIIgaC/Hqmx\n3z+LR+VQC3+vllreAGaNAVn7XGBRcFLop9rvqFk4vx4MMHJK8ggkolHUfMHenToZ\n7Mm7UAJCKS4ar4eBpcJNfAtJ6Ae4yuuvkzk6HpkwPoIGFRaVcxXFrdpQ3P4Chrmb\nvSZWSta4HqYWO9p15iaTWdmUDJLh3a+NKlxGoZNk5fJa4SR9A9bX2UXTQEhEJ4xD\nsUmf44rLL77GRXvpeR6VQCXDNAK9z5GyN2l6PExqMSO0VDvLSH438r/f660k+X5l\nRvQAmORaK17yCXo6xlGALNtPHzMLDFUHYw9+pG0p1MBTiUbzGHcRyhURJWMm9qFX\nb/1/g4m8LXgXKLOK4po28PmkxbiT0CUZRmhmtHpKq0ls3lJ47Y4sBx6X51Mq9Kxx\n5cJ6IzTefjKlq8wgdrTHSEMp+9zLXSRCnUVE7CIZwvkGVPkYwFSjOPGUsubgXo0j\nsPFkRjMt4N2YETEdHZsr4C8bnRsKbVxBuYxf/kelFIsm80BlhBZi1CaEoNbD4tkw\nHeh2Yh6vMwi/Vif/drgiRvP9HuT5Z/OeB0bIBUvwHiLRTJd69gViDXbC0GdTolos\nCC8+PYLlcYm/5StZ1qdwHi88bFs2uezwBgBESBqxTAonGrWcGQKCAQEA+EZX40n4\njvpZ1IWoOUXheZTpj8mbb39m72D88EOYwgZDXe8JNqo5rBrzBkK4l2tuk8Dq1CRP\njvdbSAk9HWRyWynGq0+outQFuFhOppu0HcgCpyyXY84x8PuydHguKgynsmORIDTp\n2L4YX5WhSS4Pr49b/UjFcxgTYLLZEtdAqt7lgezSEIH9pFXfXVuU8mTEP+IyN3DO\nqdpr5sICbna80fn8lkoFbeYgXXLoFbcCu/OGpJMEGpYlOzUtGK10BuhqJCT1fpmk\nOuNEXfq2JZZ7ygUwQ3zGlw9A9lAcg24YuueIX6z5js5ZvhF/LZIpTXQaag57mywV\nIDAtJJ8B/Xc/3wKCAQEA5L1AUDHCCx3m6CeWfWOJnahfNTWZuwa3niN2z1lybNUi\nFQWKT3oM4g5TsClxCo019zshhw/Lk1X0lOZ9vcL7VGTH/O1Oqamv4HjIwGdLD4ff\nh5rPb3OMlSQDFkGv63ws0xseb6r/OM2YtayeEGOmS3XEToU/tRTzPF8FpgLCJ5J1\nib5C7cQx0s7RJZVcroXbOpWaxaQLdRCBxYMQ4mz/sKxVC2vVX1k5dFi4AX/uyN5n\n0D7XuIYnrWLaCw4Zda6SNL+NmdDd6us0tPWvPvKw/tFxM4pAeMcjGlcUEoEXuUYa\nnkJ7HSRuA34ysvH5rJBA6mWSZdWFMcpQZga5RzQJcwKCAQB7vsvlfKQH155Yf/nV\n+g+lAuTbBxiTHUQYAhZwRrDn3ClNs2u7NGMkdhY1Q6IvzptBx8ED1clVr9JueDRe\n5wbci1j7X+vwmuby+AjTn/3JbjxsSJx4YXig7UMILDKOQNqA3oGiNN1ta2pIkhLe\nn7evwFuQReosMI7P/rSVYHZZ9FkeRgR5t+DNPQPky1XU7wal9L8kxPQs0rI/ROnj\nVwlL+za7Tc+g9DejfDdTQ3F4bqvocWJ1QerytNFyYFnZa5QjycwWusuRkl8sHF8X\nIwc2LRneOV3eQvsVCd78Xy6yUd62GUgVtqIiSyRBeX1enoTf4bIYKIOrFHgbralX\nRU2vAoIBAAfHnAleN+BS6wiYWBj5qrOPB3Xy1cCzsMkTIbZZr3eeJCOc5aBgYVHK\n9PO35R1bwisfertyQRVIxiHOWRZ8LDopl1e15ogEunOjCAjrOnVTxLmC/W0n++8S\no3w9TbNvrMKdWIKpyTZwX7JGJbYe/YfxgHS/OXR6Ou+ht7p2u43HAHJn4zTdCGjI\nGfryQo25BcTPU81HEBCyOAe0tn1NAcFLizTxPPeaPEcFwXRjmoaAcf12NbYT8gOG\nqi3YE+uZvWVH4pQJs5KK32cMOCKm9HgmPXhoSlsRQtNhhNBATcNCbCNX1YIfPBKo\nVycY7cn9ugd+3uTRx07zN5rQvbp7PZsCggEBALesdapS2ApRPCkzHWCJVjVjYbLM\n+DamKr7SJzvQO21U0C03QolasWyNahdMV95sKFlWPMYdFskXtsaIxIb2J8hMZxdY\nwx7AbiTSRQbhqycwRnuCj9t1g3NRPP6z9Hm6/YvRCEMsEBddC460Az5HtarHFECK\nFRLyZX6Aj9xDG72T9gduh3UL9yT0mWZvOqkSZePodAH1O/3fW6SWG/IDCLKg3sGb\nlBPQXOr+YEvuISGOESmrJXfej3uJl5O3Km1v1N5vLykDtSjWiA4oc7dz5DXZRJ9Y\nPF7kbrwD6lJrWTecQW5fIws5q4kfd35siIDcTelJdDQLieDIowWzMzxSl0g=\n-----END RSA PRIVATE KEY-----\n",
      "type": "string",
      "sensitive": true
    }
  },
  "resources": [
    {
      "mode": "managed",
      "type": "azurerm_linux_virtual_machine",
      "name": "myterraformvm",
      "provider": "provider[\"registry.terraform.io/hashicorp/azurerm\"]",
      "instances": [
        {
          "schema_version": 0,
          "attributes": {
            "additional_capabilities": [],
            "admin_password": null,
            "admin_ssh_key": [
              {
                "public_key": "ssh-rsa AAAAB3NzaC1yc2EAAAADAQABAAACAQDd1jCUrOTsRulWkWOM5WfjIVg5s8eewXP1ETdQ9I/21ZUtF3vTyHj62dDanYPIHxkpmO2ezDDeKe87PJvUTiu6aWklU/acU9NJQ4rnTxnUr6dwZ38wI1AMN+iZJwzM08QAqnW19M5EaI8my92Fe9yHShC/4ricbqGp9l6dEY6gqXuxscQbwEQR9S6Qm1GcTm3KC0V/BStUKSUVYiox/XglSj9LHhnA17n975bRClWfPY1NF/Lu+t8qLcgVNtz79zl111Oohaa4jPwy4HAwXhnp/AgXc720b0dbUIliv1iYpg1A3X8pWnH9aZvXNU6If/1+l0J/42RbgcvPqF9FCVO11Uh6ZZ1dovb+4X/8zA6S3lblEjvc85YQ9JiavE8aGcw8oRhUKVPVG1k2ShgSRat7PhcL35g+KRQ2/qYsq8bY+JSsV2oXIni6mdzSHeLU5qHuZTh3LXTq1iWEK4nkF58krbNPbDijPYH9MzuHYsDoN7Tewz8KSQNxyFn0CgFc+2PQyoBF8bjiJXr0jNBfRgeUUxi8r0FNRfbPgCnd8qaxX2Mbg8MsZVX0RjDlPasv/FAOjAwGNucq9zuodqojiinT3GH9pxinV8JafgNDlXxOxQg35fNUW8YhxqSNmtQpPcpJnJGfEH+P/K1HTHINNZb2d6G+ynRLxZSERHDk4ByILQ==\n",
                "username": "azureuser"
              }
            ],
            "admin_username": "azureuser",
            "allow_extension_operations": true,
            "availability_set_id": "",
            "boot_diagnostics": [
              {
                "storage_account_uri": "https://diagd1bb27be7e91256b.blob.core.windows.net/"
              }
            ],
            "computer_name": "myvm",
            "custom_data": null,
            "dedicated_host_group_id": "",
            "dedicated_host_id": "",
            "disable_password_authentication": true,
            "encryption_at_host_enabled": false,
            "eviction_policy": "",
            "extensions_time_budget": "PT1H30M",
            "id": "/subscriptions/dcbf45de-f4d3-48bd-a489-f97a05a9f58b/resourceGroups/rg-unbiased-swine/providers/Microsoft.Compute/virtualMachines/myVM1",
            "identity": [],
            "license_type": "",
            "location": "eastus",
            "max_bid_price": -1,
            "name": "myVM1",
            "network_interface_ids": [
              "/subscriptions/dcbf45de-f4d3-48bd-a489-f97a05a9f58b/resourceGroups/rg-unbiased-swine/providers/Microsoft.Network/networkInterfaces/myNIC"
            ],
            "os_disk": [
              {
                "caching": "ReadWrite",
                "diff_disk_settings": [],
                "disk_encryption_set_id": "",
                "disk_size_gb": 30,
                "name": "myOsDisk",
                "storage_account_type": "Premium_LRS",
                "write_accelerator_enabled": false
              }
            ],
            "patch_mode": "ImageDefault",
            "plan": [],
            "platform_fault_domain": -1,
            "priority": "Regular",
            "private_ip_address": "10.0.1.4",
            "private_ip_addresses": [
              "10.0.1.4"
            ],
            "provision_vm_agent": true,
            "proximity_placement_group_id": "",
            "public_ip_address": "13.90.156.28",
            "public_ip_addresses": [
              "13.90.156.28"
            ],
            "resource_group_name": "rg-unbiased-swine",
            "secret": [],
            "secure_boot_enabled": false,
            "size": "Standard_DS1_v2",
            "source_image_id": "",
            "source_image_reference": [
              {
                "offer": "UbuntuServer",
                "publisher": "Canonical",
                "sku": "18.04-LTS",
                "version": "latest"
              }
            ],
            "tags": null,
            "timeouts": null,
            "user_data": "",
            "virtual_machine_id": "1ee0438b-20be-45fd-8fca-91ec7741e637",
            "virtual_machine_scale_set_id": "",
            "vtpm_enabled": false,
            "zone": ""
          },
          "sensitive_attributes": [],
          "private": "eyJlMmJmYjczMC1lY2FhLTExZTYtOGY4OC0zNDM2M2JjN2M0YzAiOnsiY3JlYXRlIjoyNzAwMDAwMDAwMDAwLCJkZWxldGUiOjI3MDAwMDAwMDAwMDAsInJlYWQiOjMwMDAwMDAwMDAwMCwidXBkYXRlIjoyNzAwMDAwMDAwMDAwfX0=",
          "dependencies": [
            "azurerm_network_interface.myterraformnic",
            "azurerm_public_ip.myterraformpublicip",
            "azurerm_resource_group.rg",
            "azurerm_storage_account.mystorageaccount",
            "azurerm_subnet.myterraformsubnet",
            "azurerm_virtual_network.myterraformnetwork",
            "random_id.randomId",
            "random_pet.rg-name",
            "tls_private_key.example_ssh"
          ]
        }
      ]
    },
    {
      "mode": "managed",
      "type": "azurerm_network_interface",
      "name": "myterraformnic",
      "provider": "provider[\"registry.terraform.io/hashicorp/azurerm\"]",
      "instances": [
        {
          "schema_version": 0,
          "attributes": {
            "applied_dns_servers": [],
            "dns_servers": [],
            "enable_accelerated_networking": false,
            "enable_ip_forwarding": false,
            "id": "/subscriptions/dcbf45de-f4d3-48bd-a489-f97a05a9f58b/resourceGroups/rg-unbiased-swine/providers/Microsoft.Network/networkInterfaces/myNIC",
            "internal_dns_name_label": "",
            "internal_domain_name_suffix": "0kqaccwwq43erjejdsalsjnuof.bx.internal.cloudapp.net",
            "ip_configuration": [
              {
                "gateway_load_balancer_frontend_ip_configuration_id": "",
                "name": "myNicConfiguration",
                "primary": true,
                "private_ip_address": "10.0.1.4",
                "private_ip_address_allocation": "Dynamic",
                "private_ip_address_version": "IPv4",
                "public_ip_address_id": "/subscriptions/dcbf45de-f4d3-48bd-a489-f97a05a9f58b/resourceGroups/rg-unbiased-swine/providers/Microsoft.Network/publicIPAddresses/myPublicIP",
                "subnet_id": "/subscriptions/dcbf45de-f4d3-48bd-a489-f97a05a9f58b/resourceGroups/rg-unbiased-swine/providers/Microsoft.Network/virtualNetworks/myVnet/subnets/mySubnet"
              }
            ],
            "location": "eastus",
            "mac_address": "",
            "name": "myNIC",
            "private_ip_address": "10.0.1.4",
            "private_ip_addresses": [
              "10.0.1.4"
            ],
            "resource_group_name": "rg-unbiased-swine",
            "tags": null,
            "timeouts": null,
            "virtual_machine_id": ""
          },
          "sensitive_attributes": [],
          "private": "eyJlMmJmYjczMC1lY2FhLTExZTYtOGY4OC0zNDM2M2JjN2M0YzAiOnsiY3JlYXRlIjoxODAwMDAwMDAwMDAwLCJkZWxldGUiOjE4MDAwMDAwMDAwMDAsInJlYWQiOjMwMDAwMDAwMDAwMCwidXBkYXRlIjoxODAwMDAwMDAwMDAwfX0=",
          "dependencies": [
            "azurerm_public_ip.myterraformpublicip",
            "azurerm_resource_group.rg",
            "azurerm_subnet.myterraformsubnet",
            "azurerm_virtual_network.myterraformnetwork",
            "random_pet.rg-name"
          ]
        }
      ]
    },
    {
      "mode": "managed",
      "type": "azurerm_network_interface_security_group_association",
      "name": "example",
      "provider": "provider[\"registry.terraform.io/hashicorp/azurerm\"]",
      "instances": [
        {
          "schema_version": 0,
          "attributes": {
            "id": "/subscriptions/dcbf45de-f4d3-48bd-a489-f97a05a9f58b/resourceGroups/rg-unbiased-swine/providers/Microsoft.Network/networkInterfaces/myNIC|/subscriptions/dcbf45de-f4d3-48bd-a489-f97a05a9f58b/resourceGroups/rg-unbiased-swine/providers/Microsoft.Network/networkSecurityGroups/myNetworkSecurityGroup",
            "network_interface_id": "/subscriptions/dcbf45de-f4d3-48bd-a489-f97a05a9f58b/resourceGroups/rg-unbiased-swine/providers/Microsoft.Network/networkInterfaces/myNIC",
            "network_security_group_id": "/subscriptions/dcbf45de-f4d3-48bd-a489-f97a05a9f58b/resourceGroups/rg-unbiased-swine/providers/Microsoft.Network/networkSecurityGroups/myNetworkSecurityGroup",
            "timeouts": null
          },
          "sensitive_attributes": [],
          "private": "eyJlMmJmYjczMC1lY2FhLTExZTYtOGY4OC0zNDM2M2JjN2M0YzAiOnsiY3JlYXRlIjoxODAwMDAwMDAwMDAwLCJkZWxldGUiOjE4MDAwMDAwMDAwMDAsInJlYWQiOjMwMDAwMDAwMDAwMCwidXBkYXRlIjoxODAwMDAwMDAwMDAwfX0=",
          "dependencies": [
            "azurerm_network_interface.myterraformnic",
            "azurerm_network_security_group.myterraformnsg",
            "azurerm_public_ip.myterraformpublicip",
            "azurerm_resource_group.rg",
            "azurerm_subnet.myterraformsubnet",
            "azurerm_virtual_network.myterraformnetwork",
            "random_pet.rg-name"
          ]
        }
      ]
    },
    {
      "mode": "managed",
      "type": "azurerm_network_security_group",
      "name": "myterraformnsg",
      "provider": "provider[\"registry.terraform.io/hashicorp/azurerm\"]",
      "instances": [
        {
          "schema_version": 0,
          "attributes": {
            "id": "/subscriptions/dcbf45de-f4d3-48bd-a489-f97a05a9f58b/resourceGroups/rg-unbiased-swine/providers/Microsoft.Network/networkSecurityGroups/myNetworkSecurityGroup",
            "location": "eastus",
            "name": "myNetworkSecurityGroup",
            "resource_group_name": "rg-unbiased-swine",
            "security_rule": [
              {
                "access": "Allow",
                "description": "",
                "destination_address_prefix": "*",
                "destination_address_prefixes": [],
                "destination_application_security_group_ids": [],
                "destination_port_range": "22",
                "destination_port_ranges": [],
                "direction": "Inbound",
                "name": "SSH",
                "priority": 1001,
                "protocol": "Tcp",
                "source_address_prefix": "*",
                "source_address_prefixes": [],
                "source_application_security_group_ids": [],
                "source_port_range": "*",
                "source_port_ranges": []
              }
            ],
            "tags": null,
            "timeouts": null
          },
          "sensitive_attributes": [],
          "private": "eyJlMmJmYjczMC1lY2FhLTExZTYtOGY4OC0zNDM2M2JjN2M0YzAiOnsiY3JlYXRlIjoxODAwMDAwMDAwMDAwLCJkZWxldGUiOjE4MDAwMDAwMDAwMDAsInJlYWQiOjMwMDAwMDAwMDAwMCwidXBkYXRlIjoxODAwMDAwMDAwMDAwfX0=",
          "dependencies": [
            "azurerm_resource_group.rg",
            "random_pet.rg-name"
          ]
        }
      ]
    },
    {
      "mode": "managed",
      "type": "azurerm_public_ip",
      "name": "myterraformpublicip",
      "provider": "provider[\"registry.terraform.io/hashicorp/azurerm\"]",
      "instances": [
        {
          "schema_version": 0,
          "attributes": {
            "allocation_method": "Dynamic",
            "availability_zone": "No-Zone",
            "domain_name_label": null,
            "fqdn": null,
            "id": "/subscriptions/dcbf45de-f4d3-48bd-a489-f97a05a9f58b/resourceGroups/rg-unbiased-swine/providers/Microsoft.Network/publicIPAddresses/myPublicIP",
            "idle_timeout_in_minutes": 4,
            "ip_address": "",
            "ip_tags": null,
            "ip_version": "IPv4",
            "location": "eastus",
            "name": "myPublicIP",
            "public_ip_prefix_id": null,
            "resource_group_name": "rg-unbiased-swine",
            "reverse_fqdn": null,
            "sku": "Basic",
            "sku_tier": "Regional",
            "tags": null,
            "timeouts": null,
            "zones": []
          },
          "sensitive_attributes": [],
          "private": "eyJlMmJmYjczMC1lY2FhLTExZTYtOGY4OC0zNDM2M2JjN2M0YzAiOnsiY3JlYXRlIjoxODAwMDAwMDAwMDAwLCJkZWxldGUiOjE4MDAwMDAwMDAwMDAsInJlYWQiOjMwMDAwMDAwMDAwMCwidXBkYXRlIjoxODAwMDAwMDAwMDAwfX0=",
          "dependencies": [
            "azurerm_resource_group.rg",
            "random_pet.rg-name"
          ]
        }
      ]
    },
    {
      "mode": "managed",
      "type": "azurerm_resource_group",
      "name": "rg",
      "provider": "provider[\"registry.terraform.io/hashicorp/azurerm\"]",
      "instances": [
        {
          "schema_version": 0,
          "attributes": {
            "id": "/subscriptions/dcbf45de-f4d3-48bd-a489-f97a05a9f58b/resourceGroups/rg-unbiased-swine",
            "location": "eastus",
            "name": "rg-unbiased-swine",
            "tags": null,
            "timeouts": null
          },
          "sensitive_attributes": [],
          "private": "eyJlMmJmYjczMC1lY2FhLTExZTYtOGY4OC0zNDM2M2JjN2M0YzAiOnsiY3JlYXRlIjo1NDAwMDAwMDAwMDAwLCJkZWxldGUiOjU0MDAwMDAwMDAwMDAsInJlYWQiOjMwMDAwMDAwMDAwMCwidXBkYXRlIjo1NDAwMDAwMDAwMDAwfX0=",
          "dependencies": [
            "random_pet.rg-name"
          ]
        }
      ]
    },
    {
      "mode": "managed",
      "type": "azurerm_storage_account",
      "name": "mystorageaccount",
      "provider": "provider[\"registry.terraform.io/hashicorp/azurerm\"]",
      "instances": [
        {
          "schema_version": 2,
          "attributes": {
            "access_tier": "Hot",
            "account_kind": "StorageV2",
            "account_replication_type": "LRS",
            "account_tier": "Standard",
            "allow_blob_public_access": false,
            "azure_files_authentication": [],
            "blob_properties": [
              {
                "change_feed_enabled": false,
                "container_delete_retention_policy": [],
                "cors_rule": [],
                "default_service_version": "",
                "delete_retention_policy": [],
                "last_access_time_enabled": false,
                "versioning_enabled": false
              }
            ],
            "custom_domain": [],
            "customer_managed_key": [],
            "enable_https_traffic_only": true,
            "id": "/subscriptions/dcbf45de-f4d3-48bd-a489-f97a05a9f58b/resourceGroups/rg-unbiased-swine/providers/Microsoft.Storage/storageAccounts/diagd1bb27be7e91256b",
            "identity": [],
            "infrastructure_encryption_enabled": false,
            "is_hns_enabled": false,
            "large_file_share_enabled": null,
            "location": "eastus",
            "min_tls_version": "TLS1_0",
            "name": "diagd1bb27be7e91256b",
            "network_rules": [
              {
                "bypass": [
                  "AzureServices"
                ],
                "default_action": "Allow",
                "ip_rules": [],
                "private_link_access": [],
                "virtual_network_subnet_ids": []
              }
            ],
            "nfsv3_enabled": false,
            "primary_access_key": "NuXEoudgj1fd1/R3ru1UPA1RhlnLDuOdv0g6mrQ7moThf8klDf09DqdBORY2dJMxUd3ejnLWDacB+ASt4cMxOw==",
            "primary_blob_connection_string": "DefaultEndpointsProtocol=https;BlobEndpoint=https://diagd1bb27be7e91256b.blob.core.windows.net/;AccountName=diagd1bb27be7e91256b;AccountKey=NuXEoudgj1fd1/R3ru1UPA1RhlnLDuOdv0g6mrQ7moThf8klDf09DqdBORY2dJMxUd3ejnLWDacB+ASt4cMxOw==",
            "primary_blob_endpoint": "https://diagd1bb27be7e91256b.blob.core.windows.net/",
            "primary_blob_host": "diagd1bb27be7e91256b.blob.core.windows.net",
            "primary_connection_string": "DefaultEndpointsProtocol=https;AccountName=diagd1bb27be7e91256b;AccountKey=NuXEoudgj1fd1/R3ru1UPA1RhlnLDuOdv0g6mrQ7moThf8klDf09DqdBORY2dJMxUd3ejnLWDacB+ASt4cMxOw==;EndpointSuffix=core.windows.net",
            "primary_dfs_endpoint": "https://diagd1bb27be7e91256b.dfs.core.windows.net/",
            "primary_dfs_host": "diagd1bb27be7e91256b.dfs.core.windows.net",
            "primary_file_endpoint": "https://diagd1bb27be7e91256b.file.core.windows.net/",
            "primary_file_host": "diagd1bb27be7e91256b.file.core.windows.net",
            "primary_location": "eastus",
            "primary_queue_endpoint": "https://diagd1bb27be7e91256b.queue.core.windows.net/",
            "primary_queue_host": "diagd1bb27be7e91256b.queue.core.windows.net",
            "primary_table_endpoint": "https://diagd1bb27be7e91256b.table.core.windows.net/",
            "primary_table_host": "diagd1bb27be7e91256b.table.core.windows.net",
            "primary_web_endpoint": "https://diagd1bb27be7e91256b.z13.web.core.windows.net/",
            "primary_web_host": "diagd1bb27be7e91256b.z13.web.core.windows.net",
            "queue_encryption_key_type": "Service",
            "queue_properties": [
              {
                "cors_rule": [],
                "hour_metrics": [
                  {
                    "enabled": true,
                    "include_apis": true,
                    "retention_policy_days": 7,
                    "version": "1.0"
                  }
                ],
                "logging": [
                  {
                    "delete": false,
                    "read": false,
                    "retention_policy_days": 0,
                    "version": "1.0",
                    "write": false
                  }
                ],
                "minute_metrics": [
                  {
                    "enabled": false,
                    "include_apis": false,
                    "retention_policy_days": 0,
                    "version": "1.0"
                  }
                ]
              }
            ],
            "resource_group_name": "rg-unbiased-swine",
            "routing": [],
            "secondary_access_key": "g2nyLZIi5ZMGW3lw5IdtZ7z9xo1JOuuPwgZV7hHNUWKnZ/uZ046kfys8i4vRNZV8oPaKFBhfacV9+AStffnBxw==",
            "secondary_blob_connection_string": "",
            "secondary_blob_endpoint": null,
            "secondary_blob_host": null,
            "secondary_connection_string": "DefaultEndpointsProtocol=https;AccountName=diagd1bb27be7e91256b;AccountKey=g2nyLZIi5ZMGW3lw5IdtZ7z9xo1JOuuPwgZV7hHNUWKnZ/uZ046kfys8i4vRNZV8oPaKFBhfacV9+AStffnBxw==;EndpointSuffix=core.windows.net",
            "secondary_dfs_endpoint": null,
            "secondary_dfs_host": null,
            "secondary_file_endpoint": null,
            "secondary_file_host": null,
            "secondary_location": "",
            "secondary_queue_endpoint": null,
            "secondary_queue_host": null,
            "secondary_table_endpoint": null,
            "secondary_table_host": null,
            "secondary_web_endpoint": null,
            "secondary_web_host": null,
            "share_properties": [
              {
                "cors_rule": [],
                "retention_policy": [
                  {
                    "days": 7
                  }
                ],
                "smb": []
              }
            ],
            "shared_access_key_enabled": true,
            "static_website": [],
            "table_encryption_key_type": "Service",
            "tags": null,
            "timeouts": null
          },
          "sensitive_attributes": [],
          "private": "eyJlMmJmYjczMC1lY2FhLTExZTYtOGY4OC0zNDM2M2JjN2M0YzAiOnsiY3JlYXRlIjozNjAwMDAwMDAwMDAwLCJkZWxldGUiOjM2MDAwMDAwMDAwMDAsInJlYWQiOjMwMDAwMDAwMDAwMCwidXBkYXRlIjozNjAwMDAwMDAwMDAwfSwic2NoZW1hX3ZlcnNpb24iOiIyIn0=",
          "dependencies": [
            "azurerm_resource_group.rg",
            "random_id.randomId",
            "random_pet.rg-name"
          ]
        }
      ]
    },
    {
      "mode": "managed",
      "type": "azurerm_subnet",
      "name": "myterraformsubnet",
      "provider": "provider[\"registry.terraform.io/hashicorp/azurerm\"]",
      "instances": [
        {
          "schema_version": 0,
          "attributes": {
            "address_prefix": "10.0.1.0/24",
            "address_prefixes": [
              "10.0.1.0/24"
            ],
            "delegation": [],
            "enforce_private_link_endpoint_network_policies": false,
            "enforce_private_link_service_network_policies": false,
            "id": "/subscriptions/dcbf45de-f4d3-48bd-a489-f97a05a9f58b/resourceGroups/rg-unbiased-swine/providers/Microsoft.Network/virtualNetworks/myVnet/subnets/mySubnet",
            "name": "mySubnet",
            "resource_group_name": "rg-unbiased-swine",
            "service_endpoint_policy_ids": null,
            "service_endpoints": null,
            "timeouts": null,
            "virtual_network_name": "myVnet"
          },
          "sensitive_attributes": [],
          "private": "eyJlMmJmYjczMC1lY2FhLTExZTYtOGY4OC0zNDM2M2JjN2M0YzAiOnsiY3JlYXRlIjoxODAwMDAwMDAwMDAwLCJkZWxldGUiOjE4MDAwMDAwMDAwMDAsInJlYWQiOjMwMDAwMDAwMDAwMCwidXBkYXRlIjoxODAwMDAwMDAwMDAwfX0=",
          "dependencies": [
            "azurerm_resource_group.rg",
            "azurerm_virtual_network.myterraformnetwork",
            "random_pet.rg-name"
          ]
        }
      ]
    },
    {
      "mode": "managed",
      "type": "azurerm_virtual_network",
      "name": "myterraformnetwork",
      "provider": "provider[\"registry.terraform.io/hashicorp/azurerm\"]",
      "instances": [
        {
          "schema_version": 0,
          "attributes": {
            "address_space": [
              "10.0.0.0/16"
            ],
            "bgp_community": "",
            "ddos_protection_plan": [],
            "dns_servers": [],
            "flow_timeout_in_minutes": 0,
            "guid": "0a01a0d2-87d6-48ba-a489-1c80b925b475",
            "id": "/subscriptions/dcbf45de-f4d3-48bd-a489-f97a05a9f58b/resourceGroups/rg-unbiased-swine/providers/Microsoft.Network/virtualNetworks/myVnet",
            "location": "eastus",
            "name": "myVnet",
            "resource_group_name": "rg-unbiased-swine",
            "subnet": [],
            "tags": null,
            "timeouts": null,
            "vm_protection_enabled": false
          },
          "sensitive_attributes": [],
          "private": "eyJlMmJmYjczMC1lY2FhLTExZTYtOGY4OC0zNDM2M2JjN2M0YzAiOnsiY3JlYXRlIjoxODAwMDAwMDAwMDAwLCJkZWxldGUiOjE4MDAwMDAwMDAwMDAsInJlYWQiOjMwMDAwMDAwMDAwMCwidXBkYXRlIjoxODAwMDAwMDAwMDAwfX0=",
          "dependencies": [
            "azurerm_resource_group.rg",
            "random_pet.rg-name"
          ]
        }
      ]
    },
    {
      "mode": "managed",
      "type": "random_id",
      "name": "randomId",
      "provider": "provider[\"registry.terraform.io/hashicorp/random\"]",
      "instances": [
        {
          "schema_version": 0,
          "attributes": {
            "b64_std": "0bsnvn6RJWs=",
            "b64_url": "0bsnvn6RJWs",
            "byte_length": 8,
            "dec": "15112716673692542315",
            "hex": "d1bb27be7e91256b",
            "id": "0bsnvn6RJWs",
            "keepers": {
              "resource_group": "rg-unbiased-swine"
            },
            "prefix": null
          },
          "sensitive_attributes": [],
          "private": "bnVsbA==",
          "dependencies": [
            "azurerm_resource_group.rg",
            "random_pet.rg-name"
          ]
        }
      ]
    },
    {
      "mode": "managed",
      "type": "random_pet",
      "name": "rg-name",
      "provider": "provider[\"registry.terraform.io/hashicorp/random\"]",
      "instances": [
        {
          "schema_version": 0,
          "attributes": {
            "id": "rg-unbiased-swine",
            "keepers": null,
            "length": 2,
            "prefix": "rg",
            "separator": "-"
          },
          "sensitive_attributes": [],
          "private": "bnVsbA=="
        }
      ]
    },
    {
      "mode": "managed",
      "type": "tls_private_key",
      "name": "example_ssh",
      "provider": "provider[\"registry.terraform.io/hashicorp/tls\"]",
      "instances": [
        {
          "schema_version": 1,
          "attributes": {
            "algorithm": "RSA",
            "ecdsa_curve": "P224",
            "id": "2339adbcaec0cc09876778eb444027dc577c8b47",
            "private_key_openssh": "-----BEGIN OPENSSH PRIVATE KEY-----\nb3BlbnNzaC1rZXktdjEAAAAABG5vbmUAAAAEbm9uZQAAAAAAAAABAAACFwAAAAdz\nc2gtcnNhAAAAAwEAAQAAAgEA3dYwlKzk7EbpVpFjjOVn4yFYObPHnsFz9RE3UPSP\n9tWVLRd708h4+tnQ2p2DyB8ZKZjtnsww3invOzyb1E4rumlpJVP2nFPTSUOK508Z\n1K+ncGd/MCNQDDfomScMzNPEAKp1tfTORGiPJsvdhXvch0oQv+K4nG6hqfZenRGO\noKl7sbHEG8BEEfUukJtRnE5tygtFfwUrVCklFWIqMf14JUo/Sx4ZwNe5/e+W0QpV\nnz2NTRfy7vrfKi3IFTbc+/c5dddTqIWmuIz8MuBwMF4Z6fwIF3O9tG9HW1CJYr9Y\nmKYNQN1/KVpx/Wmb1zVOiH/9fpdCf+NkW4HLz6hfRQlTtdVIemWdXaL2/uF//MwO\nkt5W5RI73POWEPSYmrxPGhnMPKEYVClT1RtZNkoYEkWrez4XC9+YPikUNv6mLKvG\n2PiUrFdqFyJ4upnc0h3i1Oah7mU4dy106tYlhCuJ5BefJK2zT2w4oz2B/TM7h2LA\n6De03sM/CkkDcchZ9AoBXPtj0MqARfG44iV69IzQX0YHlFMYvK9BTUX2z4Ap3fKm\nsV9jG4PDLGVV9EYw5T2rL/xQDowMBjbnKvc7qHaqI4op09xh/acYp1fCWn4DQ5V8\nTsUIN+XzVFvGIcakjZrUKT3KSZyRnxB/j/ytR0xyDTWW9nehvsp0S8WUhERw5OAc\niC0AAAc4fWc3Nn1nNzYAAAAHc3NoLXJzYQAAAgEA3dYwlKzk7EbpVpFjjOVn4yFY\nObPHnsFz9RE3UPSP9tWVLRd708h4+tnQ2p2DyB8ZKZjtnsww3invOzyb1E4rumlp\nJVP2nFPTSUOK508Z1K+ncGd/MCNQDDfomScMzNPEAKp1tfTORGiPJsvdhXvch0oQ\nv+K4nG6hqfZenRGOoKl7sbHEG8BEEfUukJtRnE5tygtFfwUrVCklFWIqMf14JUo/\nSx4ZwNe5/e+W0QpVnz2NTRfy7vrfKi3IFTbc+/c5dddTqIWmuIz8MuBwMF4Z6fwI\nF3O9tG9HW1CJYr9YmKYNQN1/KVpx/Wmb1zVOiH/9fpdCf+NkW4HLz6hfRQlTtdVI\nemWdXaL2/uF//MwOkt5W5RI73POWEPSYmrxPGhnMPKEYVClT1RtZNkoYEkWrez4X\nC9+YPikUNv6mLKvG2PiUrFdqFyJ4upnc0h3i1Oah7mU4dy106tYlhCuJ5BefJK2z\nT2w4oz2B/TM7h2LA6De03sM/CkkDcchZ9AoBXPtj0MqARfG44iV69IzQX0YHlFMY\nvK9BTUX2z4Ap3fKmsV9jG4PDLGVV9EYw5T2rL/xQDowMBjbnKvc7qHaqI4op09xh\n/acYp1fCWn4DQ5V8TsUIN+XzVFvGIcakjZrUKT3KSZyRnxB/j/ytR0xyDTWW9neh\nvsp0S8WUhERw5OAciC0AAAADAQABAAACAAR5j51QJ4YEoCxY3nM3JXNVdtwjHkG7\nkUU+RaliZY0LHek88giBoL8eqbHfP4tH5VALf6+WWt4AZo0BWftcYFFwUuin2u+o\nWTi/HgwwckryCCSiUdR8wd6dOhnsybtQAkIpLhqvh4Glwk18C0noB7jK66+TOToe\nmTA+ggYVFpVzFcWt2lDc/gKGuZu9JlZK1rgephY72nXmJpNZ2ZQMkuHdr40qXEah\nk2Tl8lrhJH0D1tfZRdNASEQnjEOxSZ/jissvvsZFe+l5HpVAJcM0Ar3PkbI3aXo8\nTGoxI7RUO8tIfjfyv9/rrST5fmVG9ACY5ForXvIJejrGUYAs208fMwsMVQdjD36k\nbSnUwFOJRvMYdxHKFRElYyb2oVdv/X+DibwteBcos4rimjbw+aTFuJPQJRlGaGa0\nekqrSWzeUnjtjiwHHpfnUyr0rHHlwnojNN5+MqWrzCB2tMdIQyn73MtdJEKdRUTs\nIhnC+QZU+RjAVKM48ZSy5uBejSOw8WRGMy3g3ZgRMR0dmyvgLxudGwptXEG5jF/+\nR6UUiybzQGWEFmLUJoSg1sPi2TAd6HZiHq8zCL9WJ/92uCJG8/0e5Pln854HRsgF\nS/AeItFMl3r2BWINdsLQZ1OiWiwILz49guVxib/lK1nWp3AeLzxsWza57PAGAERI\nGrFMCicatZwZAAABAQC3rHWqUtgKUTwpMx1giVY1Y2GyzPg2piq+0ic70DttVNAt\nN0KJWrFsjWoXTFfebChZVjzGHRbJF7bGiMSG9ifITGcXWMMewG4k0kUG4asnMEZ7\ngo/bdYNzUTz+s/R5uv2L0QhDLBAXXQuOtAM+R7WqxxRAihUS8mV+gI/cQxu9k/YH\nbod1C/ck9JlmbzqpEmXj6HQB9Tv931uklhvyAwiyoN7Bm5QT0Fzq/mBL7iEhjhEp\nqyV33o97iZeTtyptb9Teby8pA7Uo1ogOKHO3c+Q12USfWDxe5G68A+pSa1k3nEFu\nXyMLOauJH3d+bIiA3E3pSXQ0C4ngyKMFszM8UpdIAAABAQD4RlfjSfiO+lnUhag5\nReF5lOmPyZtvf2bvYPzwQ5jCBkNd7wk2qjmsGvMGQriXa26TwOrUJE+O91tICT0d\nZHJbKcarT6i61AW4WE6mm7QdyAKnLJdjzjHw+7J0eC4qDKeyY5EgNOnYvhhflaFJ\nLg+vj1v9SMVzGBNgstkS10Cq3uWB7NIQgf2kVd9dW5TyZMQ/4jI3cM6p2mvmwgJu\ndrzR+fyWSgVt5iBdcugVtwK784akkwQaliU7NS0YrXQG6GokJPV+maQ640Rd+rYl\nlnvKBTBDfMaXD0D2UByDbhi654hfrPmOzlm+EX8tkilNdBpqDnubLBUgMC0knwH9\ndz/fAAABAQDkvUBQMcILHeboJ5Z9Y4mdqF81NZm7BreeI3bPWXJs1SIVBYpPegzi\nDlOwKXEKjTX3OyGHD8uTVfSU5n29wvtUZMf87U6pqa/geMjAZ0sPh9+Hms9vc4yV\nJAMWQa/rfCzTGx5vqv84zZi1rJ4QY6ZLdcROhT+1FPM8XwWmAsInknWJvkLtxDHS\nztEllVyuhds6lZrFpAt1EIHFgxDibP+wrFULa9VfWTl0WLgBf+7I3mfQPte4hiet\nYtoLDhl1rpI0v42Z0N3q6zS09a8+8rD+0XEzikB4xyMaVxQSgRe5RhqeQnsdJG4D\nfjKy8fmskEDqZZJl1YUxylBmBrlHNAlzAAAAAAEC\n-----END OPENSSH PRIVATE KEY-----\n",
            "private_key_pem": "-----BEGIN RSA PRIVATE KEY-----\nMIIJKAIBAAKCAgEA3dYwlKzk7EbpVpFjjOVn4yFYObPHnsFz9RE3UPSP9tWVLRd7\n08h4+tnQ2p2DyB8ZKZjtnsww3invOzyb1E4rumlpJVP2nFPTSUOK508Z1K+ncGd/\nMCNQDDfomScMzNPEAKp1tfTORGiPJsvdhXvch0oQv+K4nG6hqfZenRGOoKl7sbHE\nG8BEEfUukJtRnE5tygtFfwUrVCklFWIqMf14JUo/Sx4ZwNe5/e+W0QpVnz2NTRfy\n7vrfKi3IFTbc+/c5dddTqIWmuIz8MuBwMF4Z6fwIF3O9tG9HW1CJYr9YmKYNQN1/\nKVpx/Wmb1zVOiH/9fpdCf+NkW4HLz6hfRQlTtdVIemWdXaL2/uF//MwOkt5W5RI7\n3POWEPSYmrxPGhnMPKEYVClT1RtZNkoYEkWrez4XC9+YPikUNv6mLKvG2PiUrFdq\nFyJ4upnc0h3i1Oah7mU4dy106tYlhCuJ5BefJK2zT2w4oz2B/TM7h2LA6De03sM/\nCkkDcchZ9AoBXPtj0MqARfG44iV69IzQX0YHlFMYvK9BTUX2z4Ap3fKmsV9jG4PD\nLGVV9EYw5T2rL/xQDowMBjbnKvc7qHaqI4op09xh/acYp1fCWn4DQ5V8TsUIN+Xz\nVFvGIcakjZrUKT3KSZyRnxB/j/ytR0xyDTWW9nehvsp0S8WUhERw5OAciC0CAwEA\nAQKCAgAEeY+dUCeGBKAsWN5zNyVzVXbcIx5Bu5FFPkWpYmWNCx3pPPIIgaC/Hqmx\n3z+LR+VQC3+vllreAGaNAVn7XGBRcFLop9rvqFk4vx4MMHJK8ggkolHUfMHenToZ\n7Mm7UAJCKS4ar4eBpcJNfAtJ6Ae4yuuvkzk6HpkwPoIGFRaVcxXFrdpQ3P4Chrmb\nvSZWSta4HqYWO9p15iaTWdmUDJLh3a+NKlxGoZNk5fJa4SR9A9bX2UXTQEhEJ4xD\nsUmf44rLL77GRXvpeR6VQCXDNAK9z5GyN2l6PExqMSO0VDvLSH438r/f660k+X5l\nRvQAmORaK17yCXo6xlGALNtPHzMLDFUHYw9+pG0p1MBTiUbzGHcRyhURJWMm9qFX\nb/1/g4m8LXgXKLOK4po28PmkxbiT0CUZRmhmtHpKq0ls3lJ47Y4sBx6X51Mq9Kxx\n5cJ6IzTefjKlq8wgdrTHSEMp+9zLXSRCnUVE7CIZwvkGVPkYwFSjOPGUsubgXo0j\nsPFkRjMt4N2YETEdHZsr4C8bnRsKbVxBuYxf/kelFIsm80BlhBZi1CaEoNbD4tkw\nHeh2Yh6vMwi/Vif/drgiRvP9HuT5Z/OeB0bIBUvwHiLRTJd69gViDXbC0GdTolos\nCC8+PYLlcYm/5StZ1qdwHi88bFs2uezwBgBESBqxTAonGrWcGQKCAQEA+EZX40n4\njvpZ1IWoOUXheZTpj8mbb39m72D88EOYwgZDXe8JNqo5rBrzBkK4l2tuk8Dq1CRP\njvdbSAk9HWRyWynGq0+outQFuFhOppu0HcgCpyyXY84x8PuydHguKgynsmORIDTp\n2L4YX5WhSS4Pr49b/UjFcxgTYLLZEtdAqt7lgezSEIH9pFXfXVuU8mTEP+IyN3DO\nqdpr5sICbna80fn8lkoFbeYgXXLoFbcCu/OGpJMEGpYlOzUtGK10BuhqJCT1fpmk\nOuNEXfq2JZZ7ygUwQ3zGlw9A9lAcg24YuueIX6z5js5ZvhF/LZIpTXQaag57mywV\nIDAtJJ8B/Xc/3wKCAQEA5L1AUDHCCx3m6CeWfWOJnahfNTWZuwa3niN2z1lybNUi\nFQWKT3oM4g5TsClxCo019zshhw/Lk1X0lOZ9vcL7VGTH/O1Oqamv4HjIwGdLD4ff\nh5rPb3OMlSQDFkGv63ws0xseb6r/OM2YtayeEGOmS3XEToU/tRTzPF8FpgLCJ5J1\nib5C7cQx0s7RJZVcroXbOpWaxaQLdRCBxYMQ4mz/sKxVC2vVX1k5dFi4AX/uyN5n\n0D7XuIYnrWLaCw4Zda6SNL+NmdDd6us0tPWvPvKw/tFxM4pAeMcjGlcUEoEXuUYa\nnkJ7HSRuA34ysvH5rJBA6mWSZdWFMcpQZga5RzQJcwKCAQB7vsvlfKQH155Yf/nV\n+g+lAuTbBxiTHUQYAhZwRrDn3ClNs2u7NGMkdhY1Q6IvzptBx8ED1clVr9JueDRe\n5wbci1j7X+vwmuby+AjTn/3JbjxsSJx4YXig7UMILDKOQNqA3oGiNN1ta2pIkhLe\nn7evwFuQReosMI7P/rSVYHZZ9FkeRgR5t+DNPQPky1XU7wal9L8kxPQs0rI/ROnj\nVwlL+za7Tc+g9DejfDdTQ3F4bqvocWJ1QerytNFyYFnZa5QjycwWusuRkl8sHF8X\nIwc2LRneOV3eQvsVCd78Xy6yUd62GUgVtqIiSyRBeX1enoTf4bIYKIOrFHgbralX\nRU2vAoIBAAfHnAleN+BS6wiYWBj5qrOPB3Xy1cCzsMkTIbZZr3eeJCOc5aBgYVHK\n9PO35R1bwisfertyQRVIxiHOWRZ8LDopl1e15ogEunOjCAjrOnVTxLmC/W0n++8S\no3w9TbNvrMKdWIKpyTZwX7JGJbYe/YfxgHS/OXR6Ou+ht7p2u43HAHJn4zTdCGjI\nGfryQo25BcTPU81HEBCyOAe0tn1NAcFLizTxPPeaPEcFwXRjmoaAcf12NbYT8gOG\nqi3YE+uZvWVH4pQJs5KK32cMOCKm9HgmPXhoSlsRQtNhhNBATcNCbCNX1YIfPBKo\nVycY7cn9ugd+3uTRx07zN5rQvbp7PZsCggEBALesdapS2ApRPCkzHWCJVjVjYbLM\n+DamKr7SJzvQO21U0C03QolasWyNahdMV95sKFlWPMYdFskXtsaIxIb2J8hMZxdY\nwx7AbiTSRQbhqycwRnuCj9t1g3NRPP6z9Hm6/YvRCEMsEBddC460Az5HtarHFECK\nFRLyZX6Aj9xDG72T9gduh3UL9yT0mWZvOqkSZePodAH1O/3fW6SWG/IDCLKg3sGb\nlBPQXOr+YEvuISGOESmrJXfej3uJl5O3Km1v1N5vLykDtSjWiA4oc7dz5DXZRJ9Y\nPF7kbrwD6lJrWTecQW5fIws5q4kfd35siIDcTelJdDQLieDIowWzMzxSl0g=\n-----END RSA PRIVATE KEY-----\n",
            "private_key_pem_pkcs8": "-----BEGIN PRIVATE KEY-----\nMIIJQgIBADANBgkqhkiG9w0BAQEFAASCCSwwggkoAgEAAoICAQDd1jCUrOTsRulW\nkWOM5WfjIVg5s8eewXP1ETdQ9I/21ZUtF3vTyHj62dDanYPIHxkpmO2ezDDeKe87\nPJvUTiu6aWklU/acU9NJQ4rnTxnUr6dwZ38wI1AMN+iZJwzM08QAqnW19M5EaI8m\ny92Fe9yHShC/4ricbqGp9l6dEY6gqXuxscQbwEQR9S6Qm1GcTm3KC0V/BStUKSUV\nYiox/XglSj9LHhnA17n975bRClWfPY1NF/Lu+t8qLcgVNtz79zl111Oohaa4jPwy\n4HAwXhnp/AgXc720b0dbUIliv1iYpg1A3X8pWnH9aZvXNU6If/1+l0J/42RbgcvP\nqF9FCVO11Uh6ZZ1dovb+4X/8zA6S3lblEjvc85YQ9JiavE8aGcw8oRhUKVPVG1k2\nShgSRat7PhcL35g+KRQ2/qYsq8bY+JSsV2oXIni6mdzSHeLU5qHuZTh3LXTq1iWE\nK4nkF58krbNPbDijPYH9MzuHYsDoN7Tewz8KSQNxyFn0CgFc+2PQyoBF8bjiJXr0\njNBfRgeUUxi8r0FNRfbPgCnd8qaxX2Mbg8MsZVX0RjDlPasv/FAOjAwGNucq9zuo\ndqojiinT3GH9pxinV8JafgNDlXxOxQg35fNUW8YhxqSNmtQpPcpJnJGfEH+P/K1H\nTHINNZb2d6G+ynRLxZSERHDk4ByILQIDAQABAoICAAR5j51QJ4YEoCxY3nM3JXNV\ndtwjHkG7kUU+RaliZY0LHek88giBoL8eqbHfP4tH5VALf6+WWt4AZo0BWftcYFFw\nUuin2u+oWTi/HgwwckryCCSiUdR8wd6dOhnsybtQAkIpLhqvh4Glwk18C0noB7jK\n66+TOToemTA+ggYVFpVzFcWt2lDc/gKGuZu9JlZK1rgephY72nXmJpNZ2ZQMkuHd\nr40qXEahk2Tl8lrhJH0D1tfZRdNASEQnjEOxSZ/jissvvsZFe+l5HpVAJcM0Ar3P\nkbI3aXo8TGoxI7RUO8tIfjfyv9/rrST5fmVG9ACY5ForXvIJejrGUYAs208fMwsM\nVQdjD36kbSnUwFOJRvMYdxHKFRElYyb2oVdv/X+DibwteBcos4rimjbw+aTFuJPQ\nJRlGaGa0ekqrSWzeUnjtjiwHHpfnUyr0rHHlwnojNN5+MqWrzCB2tMdIQyn73Mtd\nJEKdRUTsIhnC+QZU+RjAVKM48ZSy5uBejSOw8WRGMy3g3ZgRMR0dmyvgLxudGwpt\nXEG5jF/+R6UUiybzQGWEFmLUJoSg1sPi2TAd6HZiHq8zCL9WJ/92uCJG8/0e5Pln\n854HRsgFS/AeItFMl3r2BWINdsLQZ1OiWiwILz49guVxib/lK1nWp3AeLzxsWza5\n7PAGAERIGrFMCicatZwZAoIBAQD4RlfjSfiO+lnUhag5ReF5lOmPyZtvf2bvYPzw\nQ5jCBkNd7wk2qjmsGvMGQriXa26TwOrUJE+O91tICT0dZHJbKcarT6i61AW4WE6m\nm7QdyAKnLJdjzjHw+7J0eC4qDKeyY5EgNOnYvhhflaFJLg+vj1v9SMVzGBNgstkS\n10Cq3uWB7NIQgf2kVd9dW5TyZMQ/4jI3cM6p2mvmwgJudrzR+fyWSgVt5iBdcugV\ntwK784akkwQaliU7NS0YrXQG6GokJPV+maQ640Rd+rYllnvKBTBDfMaXD0D2UByD\nbhi654hfrPmOzlm+EX8tkilNdBpqDnubLBUgMC0knwH9dz/fAoIBAQDkvUBQMcIL\nHeboJ5Z9Y4mdqF81NZm7BreeI3bPWXJs1SIVBYpPegziDlOwKXEKjTX3OyGHD8uT\nVfSU5n29wvtUZMf87U6pqa/geMjAZ0sPh9+Hms9vc4yVJAMWQa/rfCzTGx5vqv84\nzZi1rJ4QY6ZLdcROhT+1FPM8XwWmAsInknWJvkLtxDHSztEllVyuhds6lZrFpAt1\nEIHFgxDibP+wrFULa9VfWTl0WLgBf+7I3mfQPte4hietYtoLDhl1rpI0v42Z0N3q\n6zS09a8+8rD+0XEzikB4xyMaVxQSgRe5RhqeQnsdJG4DfjKy8fmskEDqZZJl1YUx\nylBmBrlHNAlzAoIBAHu+y+V8pAfXnlh/+dX6D6UC5NsHGJMdRBgCFnBGsOfcKU2z\na7s0YyR2FjVDoi/Om0HHwQPVyVWv0m54NF7nBtyLWPtf6/Ca5vL4CNOf/cluPGxI\nnHhheKDtQwgsMo5A2oDegaI03W1rakiSEt6ft6/AW5BF6iwwjs/+tJVgdln0WR5G\nBHm34M09A+TLVdTvBqX0vyTE9CzSsj9E6eNXCUv7NrtNz6D0N6N8N1NDcXhuq+hx\nYnVB6vK00XJgWdlrlCPJzBa6y5GSXywcXxcjBzYtGd45Xd5C+xUJ3vxfLrJR3rYZ\nSBW2oiJLJEF5fV6ehN/hshgog6sUeButqVdFTa8CggEAB8ecCV434FLrCJhYGPmq\ns48HdfLVwLOwyRMhtlmvd54kI5zloGBhUcr087flHVvCKx96u3JBFUjGIc5ZFnws\nOimXV7XmiAS6c6MICOs6dVPEuYL9bSf77xKjfD1Ns2+swp1YgqnJNnBfskYlth79\nh/GAdL85dHo676G3una7jccAcmfjNN0IaMgZ+vJCjbkFxM9TzUcQELI4B7S2fU0B\nwUuLNPE895o8RwXBdGOahoBx/XY1thPyA4aqLdgT65m9ZUfilAmzkorfZww4Iqb0\neCY9eGhKWxFC02GE0EBNw0JsI1fVgh88EqhXJxjtyf26B37e5NHHTvM3mtC9uns9\nmwKCAQEAt6x1qlLYClE8KTMdYIlWNWNhssz4NqYqvtInO9A7bVTQLTdCiVqxbI1q\nF0xX3mwoWVY8xh0WyRe2xojEhvYnyExnF1jDHsBuJNJFBuGrJzBGe4KP23WDc1E8\n/rP0ebr9i9EIQywQF10LjrQDPke1qscUQIoVEvJlfoCP3EMbvZP2B26HdQv3JPSZ\nZm86qRJl4+h0AfU7/d9bpJYb8gMIsqDewZuUE9Bc6v5gS+4hIY4RKasld96Pe4mX\nk7cqbW/U3m8vKQO1KNaIDihzt3PkNdlEn1g8XuRuvAPqUmtZN5xBbl8jCzmriR93\nfmyIgNxN6Ul0NAuJ4MijBbMzPFKXSA==\n-----END PRIVATE KEY-----\n",
            "public_key_fingerprint_md5": "ca:24:ab:0a:d2:e6:ec:70:e1:32:0c:c8:2c:86:b4:a8",
            "public_key_fingerprint_sha256": "SHA256:Ws+U8UuFgILrblcR23/KaeI19uo0ti5qzgvSiWGwWZc",
            "public_key_openssh": "ssh-rsa AAAAB3NzaC1yc2EAAAADAQABAAACAQDd1jCUrOTsRulWkWOM5WfjIVg5s8eewXP1ETdQ9I/21ZUtF3vTyHj62dDanYPIHxkpmO2ezDDeKe87PJvUTiu6aWklU/acU9NJQ4rnTxnUr6dwZ38wI1AMN+iZJwzM08QAqnW19M5EaI8my92Fe9yHShC/4ricbqGp9l6dEY6gqXuxscQbwEQR9S6Qm1GcTm3KC0V/BStUKSUVYiox/XglSj9LHhnA17n975bRClWfPY1NF/Lu+t8qLcgVNtz79zl111Oohaa4jPwy4HAwXhnp/AgXc720b0dbUIliv1iYpg1A3X8pWnH9aZvXNU6If/1+l0J/42RbgcvPqF9FCVO11Uh6ZZ1dovb+4X/8zA6S3lblEjvc85YQ9JiavE8aGcw8oRhUKVPVG1k2ShgSRat7PhcL35g+KRQ2/qYsq8bY+JSsV2oXIni6mdzSHeLU5qHuZTh3LXTq1iWEK4nkF58krbNPbDijPYH9MzuHYsDoN7Tewz8KSQNxyFn0CgFc+2PQyoBF8bjiJXr0jNBfRgeUUxi8r0FNRfbPgCnd8qaxX2Mbg8MsZVX0RjDlPasv/FAOjAwGNucq9zuodqojiinT3GH9pxinV8JafgNDlXxOxQg35fNUW8YhxqSNmtQpPcpJnJGfEH+P/K1HTHINNZb2d6G+ynRLxZSERHDk4ByILQ==\n",
            "public_key_pem": "-----BEGIN PUBLIC KEY-----\nMIICIjANBgkqhkiG9w0BAQEFAAOCAg8AMIICCgKCAgEA3dYwlKzk7EbpVpFjjOVn\n4yFYObPHnsFz9RE3UPSP9tWVLRd708h4+tnQ2p2DyB8ZKZjtnsww3invOzyb1E4r\numlpJVP2nFPTSUOK508Z1K+ncGd/MCNQDDfomScMzNPEAKp1tfTORGiPJsvdhXvc\nh0oQv+K4nG6hqfZenRGOoKl7sbHEG8BEEfUukJtRnE5tygtFfwUrVCklFWIqMf14\nJUo/Sx4ZwNe5/e+W0QpVnz2NTRfy7vrfKi3IFTbc+/c5dddTqIWmuIz8MuBwMF4Z\n6fwIF3O9tG9HW1CJYr9YmKYNQN1/KVpx/Wmb1zVOiH/9fpdCf+NkW4HLz6hfRQlT\ntdVIemWdXaL2/uF//MwOkt5W5RI73POWEPSYmrxPGhnMPKEYVClT1RtZNkoYEkWr\nez4XC9+YPikUNv6mLKvG2PiUrFdqFyJ4upnc0h3i1Oah7mU4dy106tYlhCuJ5Bef\nJK2zT2w4oz2B/TM7h2LA6De03sM/CkkDcchZ9AoBXPtj0MqARfG44iV69IzQX0YH\nlFMYvK9BTUX2z4Ap3fKmsV9jG4PDLGVV9EYw5T2rL/xQDowMBjbnKvc7qHaqI4op\n09xh/acYp1fCWn4DQ5V8TsUIN+XzVFvGIcakjZrUKT3KSZyRnxB/j/ytR0xyDTWW\n9nehvsp0S8WUhERw5OAciC0CAwEAAQ==\n-----END PUBLIC KEY-----\n",
            "rsa_bits": 4096
          },
          "sensitive_attributes": []
        }
      ]
    }
  ]
}
